# THIS IS AN AUTOGENERATED FILE. DO NOT EDIT THIS FILE DIRECTLY.
# yarn lockfile v1


animate.css@^3.7.2:
  version "3.7.2"
  resolved "https://registry.yarnpkg.com/animate.css/-/animate.css-3.7.2.tgz#e73e0d50e92cb1cfef1597d9b38a9481020e08ea"
  integrity sha512-0bE8zYo7C0KvgOYrSVfrzkbYk6IOTVPNqkiHg2cbyF4Pq/PXzilz4BRWA3hwEUBoMp5VBgrC29lQIZyhRWdBTw==

ansi-styles@^3.2.1:
  version "3.2.1"
  resolved "https://registry.yarnpkg.com/ansi-styles/-/ansi-styles-3.2.1.tgz#41fbb20243e50b12be0f04b8dedbf07520ce841d"
  integrity sha512-VT0ZI6kZRdTh8YyJw3SMbYm/u+NqfsAxEpWO0Pf9sq8/e94WxxOpPKx9FR1FlyCtOVDNOQ+8ntlqFxiRc+r5qA==
  dependencies:
    color-convert "^1.9.0"

bootstrap@^4.3.1:
  version "4.4.1"
  resolved "https://registry.yarnpkg.com/bootstrap/-/bootstrap-4.4.1.tgz#8582960eea0c5cd2bede84d8b0baf3789c3e8b01"
  integrity sha512-tbx5cHubwE6e2ZG7nqM3g/FZ5PQEDMWmMGNrCUBVRPHXTJaH7CBDdsLeu3eCh3B1tzAxTnAbtmrzvWEvT2NNEA==

chalk@^2.4.1, chalk@^2.4.2:
  version "2.4.2"
  resolved "https://registry.yarnpkg.com/chalk/-/chalk-2.4.2.tgz#cd42541677a54333cf541a49108c1432b44c9424"
  integrity sha512-Mti+f9lpJNcwF4tWV8/OrTTtF1gZi+f8FqlyAdouralcFWFQWF2+NgCHShjkCb+IFBLq9buZwE1xckQU4peSuQ==
  dependencies:
    ansi-styles "^3.2.1"
    escape-string-regexp "^1.0.5"
    supports-color "^5.3.0"

color-convert@^1.9.0:
  version "1.9.3"
  resolved "https://registry.yarnpkg.com/color-convert/-/color-convert-1.9.3.tgz#bb71850690e1f136567de629d2d5471deda4c1e8"
  integrity sha512-QfAUtd+vFdAtFQcC8CCyYt1fYWxSqAiK2cSD6zDB8N3cpsEBAvRxp9zOGg6G/SHHJYAT88/az/IuDGALsNVbGg==
  dependencies:
    color-name "1.1.3"

color-name@1.1.3:
  version "1.1.3"
  resolved "https://registry.yarnpkg.com/color-name/-/color-name-1.1.3.tgz#a7d0558bd89c42f795dd42328f740831ca53bc25"
  integrity sha1-p9BVi9icQveV3UIyj3QIMcpTvCU=

colors@~0.6.0-1:
  version "0.6.2"
  resolved "https://registry.yarnpkg.com/colors/-/colors-0.6.2.tgz#2423fe6678ac0c5dae8852e5d0e5be08c997abcc"
  integrity sha1-JCP+ZnisDF2uiFLl0OW+CMmXq8w=

commander@~2.1.0:
  version "2.1.0"
  resolved "https://registry.yarnpkg.com/commander/-/commander-2.1.0.tgz#d121bbae860d9992a3d517ba96f56588e47c6781"
  integrity sha1-0SG7roYNmZKj1Re6lvVliOR8Z4E=

escape-string-regexp@^1.0.5:
  version "1.0.5"
  resolved "https://registry.yarnpkg.com/escape-string-regexp/-/escape-string-regexp-1.0.5.tgz#1b61c0562190a8dff6ae3bb2cf0200ca130b86d4"
  integrity sha1-G2HAViGQqN/2rjuyzwIAyhMLhtQ=

findup@^0.1.5:
  version "0.1.5"
  resolved "https://registry.yarnpkg.com/findup/-/findup-0.1.5.tgz#8ad929a3393bac627957a7e5de4623b06b0e2ceb"
  integrity sha1-itkpozk7rGJ5V6fl3kYjsGsOLOs=
  dependencies:
    colors "~0.6.0-1"
    commander "~2.1.0"

flatpickr@^4.6.3:
  version "4.6.3"
  resolved "https://registry.yarnpkg.com/flatpickr/-/flatpickr-4.6.3.tgz#15a8b76b6e34e3a072861250503a5995b9d3bc60"
  integrity sha512-007VucCkqNOMMb9ggRLNuJowwaJcyOh4sKAFcdGfahfGc7JQbf94zSzjdBq/wVyHWUEs5o3+idhFZ0wbZMRmVQ==

has-flag@^3.0.0:
  version "3.0.0"
  resolved "https://registry.yarnpkg.com/has-flag/-/has-flag-3.0.0.tgz#b5d454dc2199ae225699f3467e5a07f3b955bafd"
  integrity sha1-tdRU3CGZriJWmfNGfloH87lVuv0=

jquery-nice-select@^1.1.0:
  version "1.1.0"
  resolved "https://registry.yarnpkg.com/jquery-nice-select/-/jquery-nice-select-1.1.0.tgz#9cd590fead56afe6bccd41294293fba356189c7d"
  integrity sha1-nNWQ/q1Wr+a8zUEpQpP7o1YYnH0=
  dependencies:
    jquery "^2.2.3"

jquery-zoom@^1.7.21:
  version "1.7.21"
  resolved "https://registry.yarnpkg.com/jquery-zoom/-/jquery-zoom-1.7.21.tgz#9c8cbb40cefaeba288e9dd05a67e5f0f8dcec4f3"
  integrity sha512-C3aDEt0c4TkPrOPqIs5VAOwBMgitf1I7jEakO15G3QfxdVEivBvUlkiCjfcGQM+FyXdvshpbiEJKDbEdPz2/pw==
  dependencies:
    jquery ">=1.7"

jquery@>=1.7, jquery@^3.4.1:
  version "3.4.1"
  resolved "https://registry.yarnpkg.com/jquery/-/jquery-3.4.1.tgz#714f1f8d9dde4bdfa55764ba37ef214630d80ef2"
  integrity sha512-36+AdBzCL+y6qjw5Tx7HgzeGCzC81MDDgaUP8ld2zhx58HdqXGoBd+tHdrBMiyjGQs0Hxs/MLZTu/eHNJJuWPw==

jquery@^2.2.3:
  version "2.2.4"
  resolved "https://registry.yarnpkg.com/jquery/-/jquery-2.2.4.tgz#2c89d6889b5eac522a7eea32c14521559c6cbf02"
  integrity sha1-LInWiJterFIqfuoywUUhVZxsvwI=

"kbw-countdown@https://github.com/kbwood/countdown.git":
  version "2.1.0"
  resolved "https://github.com/kbwood/countdown.git#9e816a73eb4d21f4b2dd4ac0cd559e6f4feae906"

line-awesome@^1.3.0:
  version "1.3.0"
  resolved "https://registry.yarnpkg.com/line-awesome/-/line-awesome-1.3.0.tgz#51d59fe311ed040d22d8e80d3aa0b9a4b57e6cd3"
  integrity sha512-Y0YHksL37ixDsHz+ihCwOtF5jwJgCDxQ3q+zOVgaSW8VugHGTsZZXMacPYZB1/JULBi6BAuTCTek+4ZY/UIwcw==

minimist@0.0.8:
  version "0.0.8"
  resolved "https://registry.yarnpkg.com/minimist/-/minimist-0.0.8.tgz#857fcabfc3397d2625b8228262e86aa7a011b05d"
  integrity sha1-hX/Kv8M5fSYluCKCYuhqp6ARsF0=

mkdirp@^0.5.1:
  version "0.5.1"
  resolved "https://registry.yarnpkg.com/mkdirp/-/mkdirp-0.5.1.tgz#30057438eac6cf7f8c4767f38648d6697d75c903"
  integrity sha1-MAV0OOrGz3+MR2fzhkjWaX11yQM=
  dependencies:
    minimist "0.0.8"

nouislider@^14.1.1:
  version "14.1.1"
  resolved "https://registry.yarnpkg.com/nouislider/-/nouislider-14.1.1.tgz#def812b2aaaa2ccf9e7a41dd0144a25dab5673e5"
  integrity sha512-3/+Z/pTBoWoJf2YXSEWRmS27LW2XxOBmGEzkPyRzB/J6QvL+0mS3QwcQp0SmWhgO5CMzbSxPmb1lDDD4HP12bg==

popper.js@^1.15.0:
  version "1.16.0"
  resolved "https://registry.yarnpkg.com/popper.js/-/popper.js-1.16.0.tgz#2e1816bcbbaa518ea6c2e15a466f4cb9c6e2fbb3"
  integrity sha512-+G+EkOPoE5S/zChTpmBSSDYmhXJ5PsW8eMhH8cP/CQHMFPBG/kC9Y5IIw6qNYgdJ+/COf0ddY2li28iHaZRSjw==

postcss@^6.0.23:
  version "6.0.23"
  resolved "https://registry.yarnpkg.com/postcss/-/postcss-6.0.23.tgz#61c82cc328ac60e677645f979054eb98bc0e3324"
  integrity sha512-soOk1h6J3VMTZtVeVpv15/Hpdl2cBLX3CAw4TAbkpTJiNPk9YP/zWcD1ND+xEtvyuuvKzbxliTOIyvkSeSJ6ag==
  dependencies:
    chalk "^2.4.1"
    source-map "^0.6.1"
    supports-color "^5.4.0"

rtlcss@^2.4.0:
  version "2.4.1"
  resolved "https://registry.yarnpkg.com/rtlcss/-/rtlcss-2.4.1.tgz#88dac05fecfc0900ced321d2e7046ca6f40d6a29"
  integrity sha512-pOY30CIGvvQTW1iBfxO6Ry6/J/C4U7fcOhtF0pm5fNgwmJXOtx5gib6czFmWyp1KXN/6rbMRsTZwWlAridxBTQ==
  dependencies:
    chalk "^2.4.2"
    findup "^0.1.5"
    mkdirp "^0.5.1"
    postcss "^6.0.23"
    strip-json-comments "^2.0.0"

slick-carousel@^1.8.1:
  version "1.8.1"
  resolved "https://registry.yarnpkg.com/slick-carousel/-/slick-carousel-1.8.1.tgz#a4bfb29014887bb66ce528b90bd0cda262cc8f8d"
  integrity sha512-XB9Ftrf2EEKfzoQXt3Nitrt/IPbT+f1fgqBdoxO3W/+JYvtEOW6EgxnWfr9GH6nmULv7Y2tPmEX3koxThVmebA==

slick-lightbox@^0.2.12:
  version "0.2.12"
  resolved "https://registry.yarnpkg.com/slick-lightbox/-/slick-lightbox-0.2.12.tgz#cdd35287ab2445ba1f8d1b469f665c897df6828c"
  integrity sha512-OwY/gDvh8Xc7wvch/71U8iK+2rXQS0dAzJZvCO8c4u9ZbxQEdnUz8UjyDQJENALXPhrnXXz/yC8qwUhJEoJhcA==

source-map@^0.6.1:
  version "0.6.1"
  resolved "https://registry.yarnpkg.com/source-map/-/source-map-0.6.1.tgz#74722af32e9614e9c287a8d0bbde48b5e2f1a263"
  integrity sha512-UjgapumWlbMhkBgzT7Ykc5YXUT46F0iKu8SGXq0bcwP5dz/h0Plj6enJqjz1Zbq2l5WaqYnrVbwWOWMyF3F47g==

strip-json-comments@^2.0.0:
  version "2.0.1"
  resolved "https://registry.yarnpkg.com/strip-json-comments/-/strip-json-comments-2.0.1.tgz#3c531942e908c2697c0ec344858c286c7ca0a60a"
  integrity sha1-PFMZQukIwml8DsNEhYwobHygpgo=

supports-color@^5.3.0, supports-color@^5.4.0:
  version "5.5.0"
  resolved "https://registry.yarnpkg.com/supports-color/-/supports-color-5.5.0.tgz#e2e69a44ac8772f78a1ec0b35b689df6530efc8f"
  integrity sha512-QjVjwdXIt408MIiAqCX4oUKsgU2EqAGzs2Ppkm4aQYbjm+ZEWEcW4SfFNTr4uMNZma0ey4f5lgLrkB0aX0QMow==
  dependencies:
    has-flag "^3.0.0"

v-click-outside@^3.0.1:
  version "3.0.1"
  resolved "https://registry.yarnpkg.com/v-click-outside/-/v-click-outside-3.0.1.tgz#95870c199726069f4eda7eb5781ade62526dd269"
  integrity sha512-FITcAM0R3JEPUSGiO7hfhKDODZHkOQTk/FyI9mwxNcz6LbMbJhABhjevLI5VsU00PRksloQx8vmpFIqlAfX6nw==

vue-toast-notification@^0.0.3:
  version "0.0.3"
  resolved "https://registry.yarnpkg.com/vue-toast-notification/-/vue-toast-notification-0.0.3.tgz#be2bd4b85cc44b935e912e2ebcc6436f614dc3ea"
  integrity sha512-3UQuEa2oQX5JcWwMcnm6Kf9djL4XwWWv2R8uIawFC/PSPHYp4JCnXiYu+BVNc/qCQhpSvfkXmmDVOLRau5kVDg==

vue@^2.6.11:
  version "2.6.11"
  resolved "https://registry.yarnpkg.com/vue/-/vue-2.6.11.tgz#76594d877d4b12234406e84e35275c6d514125c5"
  integrity sha512-VfPwgcGABbGAue9+sfrD4PuwFar7gPb1yl1UK1MwXoQPAw0BKSqWfoYCT/ThFrdEVWoI51dBuyCoiNU9bZDZxQ==
